
Microsoft Visual Studio Solution File, Format Version 12.00
# Visual Studio Version 16
VisualStudioVersion = 16.0.31205.134
MinimumVisualStudioVersion = 10.0.40219.1
Project("{FAE04EC0-301F-11D3-BF4B-00C04F79EFBC}") = "RuneFactory4TextExtractor", "RuneFactory4TextExtractor\RuneFactory4TextExtractor.csproj", "{BB3EF246-B52B-46DF-A3D3-8238A61198D0}"
EndProject
Global
	GlobalSection(SolutionConfigurationPlatforms) = preSolution
		Debug|Any CPU = Debug|Any CPU
		Release|Any CPU = Release|Any CPU
	EndGlobalSection
	GlobalSection(ProjectConfigurationPlatforms) = postSolution
		{BB3EF246-B52B-46DF-A3D3-8238A61198D0}.Debug|Any CPU.ActiveCfg = Debug|Any CPU
		{BB3EF246-B52B-46DF-A3D3-8238A61198D0}.Debug|Any CPU.Build.0 = Debug|Any CPU
		{BB3EF246-B52B-46DF-A3D3-8238A61198D0}.Release|Any CPU.ActiveCfg = Release|Any CPU
		{BB3EF246-B52B-46DF-A3D3-8238A61198D0}.Release|Any CPU.Build.0 = Release|Any CPU
	EndGlobalSection
	GlobalSection(SolutionProperties) = preSolution
		HideSolutionNode = FALSE
	EndGlobalSection
	GlobalSection(ExtensibilityGlobals) = postSolution
		SolutionGuid = {8BEE618B-A1E6-42A3-963F-6FEF81231918}
	EndGlobalSection
EndGlobal
