
Microsoft Visual Studio Solution File, Format Version 12.00
# Visual Studio Version 16
VisualStudioVersion = 16.0.31205.134
MinimumVisualStudioVersion = 10.0.40219.1
Project("{FAE04EC0-301F-11D3-BF4B-00C04F79EFBC}") = "RuneFactory4SpecialTextDecrypter", "RuneFactory4SpecialTextDecrypter\RuneFactory4SpecialTextDecrypter.csproj", "{82AA4C6F-B138-49D4-B6AB-EFA9B788F944}"
EndProject
Global
	GlobalSection(SolutionConfigurationPlatforms) = preSolution
		Debug|Any CPU = Debug|Any CPU
		Release|Any CPU = Release|Any CPU
	EndGlobalSection
	GlobalSection(ProjectConfigurationPlatforms) = postSolution
		{82AA4C6F-B138-49D4-B6AB-EFA9B788F944}.Debug|Any CPU.ActiveCfg = Debug|Any CPU
		{82AA4C6F-B138-49D4-B6AB-EFA9B788F944}.Debug|Any CPU.Build.0 = Debug|Any CPU
		{82AA4C6F-B138-49D4-B6AB-EFA9B788F944}.Release|Any CPU.ActiveCfg = Release|Any CPU
		{82AA4C6F-B138-49D4-B6AB-EFA9B788F944}.Release|Any CPU.Build.0 = Release|Any CPU
	EndGlobalSection
	GlobalSection(SolutionProperties) = preSolution
		HideSolutionNode = FALSE
	EndGlobalSection
	GlobalSection(ExtensibilityGlobals) = postSolution
		SolutionGuid = {0B27F658-DF5A-48B0-AA40-69C141B2F0D3}
	EndGlobalSection
EndGlobal
